// !$*UTF8*$!
{
	archiveVersion = 1;
	classes = {
	};
	objectVersion = 55;
	objects = {

/* Begin PBXBuildFile section */
		B467049E27B08CCC00369481 /* AppDelegate.swift in Sources */ = {isa = PBXBuildFile; fileRef = B467049D27B08CCC00369481 /* AppDelegate.swift */; };
		B46704A027B08CCC00369481 /* SceneDelegate.swift in Sources */ = {isa = PBXBuildFile; fileRef = B467049F27B08CCC00369481 /* SceneDelegate.swift */; };
		B46704A527B08CCC00369481 /* Main.storyboard in Resources */ = {isa = PBXBuildFile; fileRef = B46704A327B08CCC00369481 /* Main.storyboard */; };
		B46704A727B08CCF00369481 /* Assets.xcassets in Resources */ = {isa = PBXBuildFile; fileRef = B46704A627B08CCF00369481 /* Assets.xcassets */; };
		B46704AA27B08CCF00369481 /* LaunchScreen.storyboard in Resources */ = {isa = PBXBuildFile; fileRef = B46704A827B08CCF00369481 /* LaunchScreen.storyboard */; };
		B46704B627B08D3700369481 /* CurrencyConverterController.swift in Sources */ = {isa = PBXBuildFile; fileRef = B46704B527B08D3700369481 /* CurrencyConverterController.swift */; };
		B46704B927B08F2E00369481 /* CurrencyViewModel.swift in Sources */ = {isa = PBXBuildFile; fileRef = B46704B827B08F2E00369481 /* CurrencyViewModel.swift */; };
		B46704BD27B0904C00369481 /* Realm in Frameworks */ = {isa = PBXBuildFile; productRef = B46704BC27B0904C00369481 /* Realm */; };
		B46704BF27B0904C00369481 /* RealmSwift in Frameworks */ = {isa = PBXBuildFile; productRef = B46704BE27B0904C00369481 /* RealmSwift */; };
/* End PBXBuildFile section */

/* Begin PBXFileReference section */
		B467049A27B08CCC00369481 /* CurrencyConverter2.app */ = {isa = PBXFileReference; explicitFileType = wrapper.application; includeInIndex = 0; path = CurrencyConverter2.app; sourceTree = BUILT_PRODUCTS_DIR; };
		B467049D27B08CCC00369481 /* AppDelegate.swift */ = {isa = PBXFileReference; lastKnownFileType = sourcecode.swift; path = AppDelegate.swift; sourceTree = "<group>"; };
		B467049F27B08CCC00369481 /* SceneDelegate.swift */ = {isa = PBXFileReference; lastKnownFileType = sourcecode.swift; path = SceneDelegate.swift; sourceTree = "<group>"; };
		B46704A427B08CCC00369481 /* Base */ = {isa = PBXFileReference; lastKnownFileType = file.storyboard; name = Base; path = Base.lproj/Main.storyboard; sourceTree = "<group>"; };
		B46704A627B08CCF00369481 /* Assets.xcassets */ = {isa = PBXFileReference; lastKnownFileType = folder.assetcatalog; path = Assets.xcassets; sourceTree = "<group>"; };
		B46704A927B08CCF00369481 /* Base */ = {isa = PBXFileReference; lastKnownFileType = file.storyboard; name = Base; path = Base.lproj/LaunchScreen.storyboard; sourceTree = "<group>"; };
		B46704AB27B08CCF00369481 /* Info.plist */ = {isa = PBXFileReference; lastKnownFileType = text.plist.xml; path = Info.plist; sourceTree = "<group>"; };
		B46704B527B08D3700369481 /* CurrencyConverterController.swift */ = {isa = PBXFileReference; lastKnownFileType = sourcecode.swift; path = CurrencyConverterController.swift; sourceTree = "<group>"; };
		B46704B827B08F2E00369481 /* CurrencyViewModel.swift */ = {isa = PBXFileReference; lastKnownFileType = sourcecode.swift; path = CurrencyViewModel.swift; sourceTree = "<group>"; };
/* End PBXFileReference section */

/* Begin PBXFrameworksBuildPhase section */
		B467049727B08CCC00369481 /* Frameworks */ = {
			isa = PBXFrameworksBuildPhase;
			buildActionMask = 2147483647;
			files = (
				B46704BF27B0904C00369481 /* RealmSwift in Frameworks */,
				B46704BD27B0904C00369481 /* Realm in Frameworks */,
			);
			runOnlyForDeploymentPostprocessing = 0;
		};
/* End PBXFrameworksBuildPhase section */

/* Begin PBXGroup section */
		B467049127B08CCC00369481 = {
			isa = PBXGroup;
			children = (
				B467049C27B08CCC00369481 /* CurrencyConverter2 */,
				B467049B27B08CCC00369481 /* Products */,
			);
			sourceTree = "<group>";
		};
		B467049B27B08CCC00369481 /* Products */ = {
			isa = PBXGroup;
			children = (
				B467049A27B08CCC00369481 /* CurrencyConverter2.app */,
			);
			name = Products;
			sourceTree = "<group>";
		};
		B467049C27B08CCC00369481 /* CurrencyConverter2 */ = {
			isa = PBXGroup;
			children = (
				B46704B127B08CD700369481 /* APP */,
				B46704B427B08D0500369481 /* ViewModel */,
				B46704B327B08CF900369481 /* View */,
				B46704B227B08CEA00369481 /* Model */,
				B46704A327B08CCC00369481 /* Main.storyboard */,
				B46704A627B08CCF00369481 /* Assets.xcassets */,
				B46704A827B08CCF00369481 /* LaunchScreen.storyboard */,
				B46704AB27B08CCF00369481 /* Info.plist */,
			);
			path = CurrencyConverter2;
			sourceTree = "<group>";
		};
		B46704B127B08CD700369481 /* APP */ = {
			isa = PBXGroup;
			children = (
				B467049D27B08CCC00369481 /* AppDelegate.swift */,
				B467049F27B08CCC00369481 /* SceneDelegate.swift */,
			);
			path = APP;
			sourceTree = "<group>";
		};
		B46704B227B08CEA00369481 /* Model */ = {
			isa = PBXGroup;
			children = (
			);
			path = Model;
			sourceTree = "<group>";
		};
		B46704B327B08CF900369481 /* View */ = {
			isa = PBXGroup;
			children = (
				B46704B727B08E7900369481 /* Controller */,
			);
			path = View;
			sourceTree = "<group>";
		};
		B46704B427B08D0500369481 /* ViewModel */ = {
			isa = PBXGroup;
			children = (
				B46704B827B08F2E00369481 /* CurrencyViewModel.swift */,
			);
			path = ViewModel;
			sourceTree = "<group>";
		};
		B46704B727B08E7900369481 /* Controller */ = {
			isa = PBXGroup;
			children = (
				B46704B527B08D3700369481 /* CurrencyConverterController.swift */,
			);
			path = Controller;
			sourceTree = "<group>";
		};
/* End PBXGroup section */

/* Begin PBXNativeTarget section */
		B467049927B08CCC00369481 /* CurrencyConverter2 */ = {
			isa = PBXNativeTarget;
			buildConfigurationList = B46704AE27B08CCF00369481 /* Build configuration list for PBXNativeTarget "CurrencyConverter2" */;
			buildPhases = (
				B467049627B08CCC00369481 /* Sources */,
				B467049727B08CCC00369481 /* Frameworks */,
				B467049827B08CCC00369481 /* Resources */,
			);
			buildRules = (
			);
			dependencies = (
			);
			name = CurrencyConverter2;
			packageProductDependencies = (
				B46704BC27B0904C00369481 /* Realm */,
				B46704BE27B0904C00369481 /* RealmSwift */,
			);
			productName = CurrencyConverter2;
			productReference = B467049A27B08CCC00369481 /* CurrencyConverter2.app */;
			productType = "com.apple.product-type.application";
		};
/* End PBXNativeTarget section */

/* Begin PBXProject section */
		B467049227B08CCC00369481 /* Project object */ = {
			isa = PBXProject;
			attributes = {
				BuildIndependentTargetsInParallel = 1;
				LastSwiftUpdateCheck = 1320;
				LastUpgradeCheck = 1320;
				TargetAttributes = {
					B467049927B08CCC00369481 = {
						CreatedOnToolsVersion = 13.2.1;
					};
				};
			};
			buildConfigurationList = B467049527B08CCC00369481 /* Build configuration list for PBXProject "CurrencyConverter2" */;
			compatibilityVersion = "Xcode 13.0";
			developmentRegion = en;
			hasScannedForEncodings = 0;
			knownRegions = (
				en,
				Base,
			);
			mainGroup = B467049127B08CCC00369481;
			packageReferences = (
				B46704BB27B0904C00369481 /* XCRemoteSwiftPackageReference "realm-swift" */,
			);
			productRefGroup = B467049B27B08CCC00369481 /* Products */;
			projectDirPath = "";
			projectRoot = "";
			targets = (
				B467049927B08CCC00369481 /* CurrencyConverter2 */,
			);
		};
/* End PBXProject section */

/* Begin PBXResourcesBuildPhase section */
		B467049827B08CCC00369481 /* Resources */ = {
			isa = PBXResourcesBuildPhase;
			buildActionMask = 2147483647;
			files = (
				B46704AA27B08CCF00369481 /* LaunchScreen.storyboard in Resources */,
				B46704A727B08CCF00369481 /* Assets.xcassets in Resources */,
				B46704A527B08CCC00369481 /* Main.storyboard in Resources */,
			);
			runOnlyForDeploymentPostprocessing = 0;
		};
/* End PBXResourcesBuildPhase section */

/* Begin PBXSourcesBuildPhase section */
		B467049627B08CCC00369481 /* Sources */ = {
			isa = PBXSourcesBuildPhase;
			buildActionMask = 2147483647;
			files = (
				B467049E27B08CCC00369481 /* AppDelegate.swift in Sources */,
				B46704B927B08F2E00369481 /* CurrencyViewModel.swift in Sources */,
				B46704A027B08CCC00369481 /* SceneDelegate.swift in Sources */,
				B46704B627B08D3700369481 /* CurrencyConverterController.swift in Sources */,
			);
			runOnlyForDeploymentPostprocessing = 0;
		};
/* End PBXSourcesBuildPhase section */

/* Begin PBXVariantGroup section */
		B46704A327B08CCC00369481 /* Main.storyboard */ = {
			isa = PBXVariantGroup;
			children = (
				B46704A427B08CCC00369481 /* Base */,
			);
			name = Main.storyboard;
			sourceTree = "<group>";
		};
		B46704A827B08CCF00369481 /* LaunchScreen.storyboard */ = {
			isa = PBXVariantGroup;
			children = (
				B46704A927B08CCF00369481 /* Base */,
			);
			name = LaunchScreen.storyboard;
			sourceTree = "<group>";
		};
/* End PBXVariantGroup section */

/* Begin XCBuildConfiguration section */
		B46704AC27B08CCF00369481 /* Debug */ = {
			isa = XCBuildConfiguration;
			buildSettings = {
				ALWAYS_SEARCH_USER_PATHS = NO;
				CLANG_ANALYZER_NONNULL = YES;
				CLANG_ANALYZER_NUMBER_OBJECT_CONVERSION = YES_AGGRESSIVE;
				CLANG_CXX_LANGUAGE_STANDARD = "gnu++17";
				CLANG_CXX_LIBRARY = "libc++";
				CLANG_ENABLE_MODULES = YES;
				CLANG_ENABLE_OBJC_ARC = YES;
				CLANG_ENABLE_OBJC_WEAK = YES;
				CLANG_WARN_BLOCK_CAPTURE_AUTORELEASING = YES;
				CLANG_WARN_BOOL_CONVERSION = YES;
				CLANG_WARN_COMMA = YES;
				CLANG_WARN_CONSTANT_CONVERSION = YES;
				CLANG_WARN_DEPRECATED_OBJC_IMPLEMENTATIONS = YES;
				CLANG_WARN_DIRECT_OBJC_ISA_USAGE = YES_ERROR;
				CLANG_WARN_DOCUMENTATION_COMMENTS = YES;
				CLANG_WARN_EMPTY_BODY = YES;
				CLANG_WARN_ENUM_CONVERSION = YES;
				CLANG_WARN_INFINITE_RECURSION = YES;
				CLANG_WARN_INT_CONVERSION = YES;
				CLANG_WARN_NON_LITERAL_NULL_CONVERSION = YES;
				CLANG_WARN_OBJC_IMPLICIT_RETAIN_SELF = YES;
				CLANG_WARN_OBJC_LITERAL_CONVERSION = YES;
				CLANG_WARN_OBJC_ROOT_CLASS = YES_ERROR;
				CLANG_WARN_QUOTED_INCLUDE_IN_FRAMEWORK_HEADER = YES;
				CLANG_WARN_RANGE_LOOP_ANALYSIS = YES;
				CLANG_WARN_STRICT_PROTOTYPES = YES;
				CLANG_WARN_SUSPICIOUS_MOVE = YES;
				CLANG_WARN_UNGUARDED_AVAILABILITY = YES_AGGRESSIVE;
				CLANG_WARN_UNREACHABLE_CODE = YES;
				CLANG_WARN__DUPLICATE_METHOD_MATCH = YES;
				COPY_PHASE_STRIP = NO;
				DEBUG_INFORMATION_FORMAT = dwarf;
				ENABLE_STRICT_OBJC_MSGSEND = YES;
				ENABLE_TESTABILITY = YES;
				GCC_C_LANGUAGE_STANDARD = gnu11;
				GCC_DYNAMIC_NO_PIC = NO;
				GCC_NO_COMMON_BLOCKS = YES;
				GCC_OPTIMIZATION_LEVEL = 0;
				GCC_PREPROCESSOR_DEFINITIONS = (
					"DEBUG=1",
					"$(inherited)",
				);
				GCC_WARN_64_TO_32_BIT_CONVERSION = YES;
				GCC_WARN_ABOUT_RETURN_TYPE = YES_ERROR;
				GCC_WARN_UNDECLARED_SELECTOR = YES;
				GCC_WARN_UNINITIALIZED_AUTOS = YES_AGGRESSIVE;
				GCC_WARN_UNUSED_FUNCTION = YES;
				GCC_WARN_UNUSED_VARIABLE = YES;
				IPHONEOS_DEPLOYMENT_TARGET = 15.2;
				MTL_ENABLE_DEBUG_INFO = INCLUDE_SOURCE;
				MTL_FAST_MATH = YES;
				ONLY_ACTIVE_ARCH = YES;
				SDKROOT = iphoneos;
				SWIFT_ACTIVE_COMPILATION_CONDITIONS = DEBUG;
				SWIFT_OPTIMIZATION_LEVEL = "-Onone";
			};
			name = Debug;
		};
		B46704AD27B08CCF00369481 /* Release */ = {
			isa = XCBuildConfiguration;
			buildSettings = {
				ALWAYS_SEARCH_USER_PATHS = NO;
				CLANG_ANALYZER_NONNULL = YES;
				CLANG_ANALYZER_NUMBER_OBJECT_CONVERSION = YES_AGGRESSIVE;
				CLANG_CXX_LANGUAGE_STANDARD = "gnu++17";
				CLANG_CXX_LIBRARY = "libc++";
				CLANG_ENABLE_MODULES = YES;
				CLANG_ENABLE_OBJC_ARC = YES;
				CLANG_ENABLE_OBJC_WEAK = YES;
				CLANG_WARN_BLOCK_CAPTURE_AUTORELEASING = YES;
				CLANG_WARN_BOOL_CONVERSION = YES;
				CLANG_WARN_COMMA = YES;
				CLANG_WARN_CONSTANT_CONVERSION = YES;
				CLANG_WARN_DEPRECATED_OBJC_IMPLEMENTATIONS = YES;
				CLANG_WARN_DIRECT_OBJC_ISA_USAGE = YES_ERROR;
				CLANG_WARN_DOCUMENTATION_COMMENTS = YES;
				CLANG_WARN_EMPTY_BODY = YES;
				CLANG_WARN_ENUM_CONVERSION = YES;
				CLANG_WARN_INFINITE_RECURSION = YES;
				CLANG_WARN_INT_CONVERSION = YES;
				CLANG_WARN_NON_LITERAL_NULL_CONVERSION = YES;
				CLANG_WARN_OBJC_IMPLICIT_RETAIN_SELF = YES;
				CLANG_WARN_OBJC_LITERAL_CONVERSION = YES;
				CLANG_WARN_OBJC_ROOT_CLASS = YES_ERROR;
				CLANG_WARN_QUOTED_INCLUDE_IN_FRAMEWORK_HEADER = YES;
				CLANG_WARN_RANGE_LOOP_ANALYSIS = YES;
				CLANG_WARN_STRICT_PROTOTYPES = YES;
				CLANG_WARN_SUSPICIOUS_MOVE = YES;
				CLANG_WARN_UNGUARDED_AVAILABILITY = YES_AGGRESSIVE;
				CLANG_WARN_UNREACHABLE_CODE = YES;
				CLANG_WARN__DUPLICATE_METHOD_MATCH = YES;
				COPY_PHASE_STRIP = NO;
				DEBUG_INFORMATION_FORMAT = "dwarf-with-dsym";
				ENABLE_NS_ASSERTIONS = NO;
				ENABLE_STRICT_OBJC_MSGSEND = YES;
				GCC_C_LANGUAGE_STANDARD = gnu11;
				GCC_NO_COMMON_BLOCKS = YES;
				GCC_WARN_64_TO_32_BIT_CONVERSION = YES;
				GCC_WARN_ABOUT_RETURN_TYPE = YES_ERROR;
				GCC_WARN_UNDECLARED_SELECTOR = YES;
				GCC_WARN_UNINITIALIZED_AUTOS = YES_AGGRESSIVE;
				GCC_WARN_UNUSED_FUNCTION = YES;
				GCC_WARN_UNUSED_VARIABLE = YES;
				IPHONEOS_DEPLOYMENT_TARGET = 15.2;
				MTL_ENABLE_DEBUG_INFO = NO;
				MTL_FAST_MATH = YES;
				SDKROOT = iphoneos;
				SWIFT_COMPILATION_MODE = wholemodule;
				SWIFT_OPTIMIZATION_LEVEL = "-O";
				VALIDATE_PRODUCT = YES;
			};
			name = Release;
		};
		B46704AF27B08CCF00369481 /* Debug */ = {
			isa = XCBuildConfiguration;
			buildSettings = {
				ASSETCATALOG_COMPILER_APPICON_NAME = AppIcon;
				ASSETCATALOG_COMPILER_GLOBAL_ACCENT_COLOR_NAME = AccentColor;
				CODE_SIGN_STYLE = Automatic;
				CURRENT_PROJECT_VERSION = 1;
				DEVELOPMENT_TEAM = 7V7KZH2U8Z;
				GENERATE_INFOPLIST_FILE = YES;
				INFOPLIST_FILE = CurrencyConverter2/Info.plist;
				INFOPLIST_KEY_UIApplicationSupportsIndirectInputEvents = YES;
				INFOPLIST_KEY_UILaunchStoryboardName = LaunchScreen;
				INFOPLIST_KEY_UIMainStoryboardFile = Main;
				INFOPLIST_KEY_UISupportedInterfaceOrientations_iPad = "UIInterfaceOrientationPortrait UIInterfaceOrientationPortraitUpsideDown UIInterfaceOrientationLandscapeLeft UIInterfaceOrientationLandscapeRight";
				INFOPLIST_KEY_UISupportedInterfaceOrientations_iPhone = "UIInterfaceOrientationPortrait UIInterfaceOrientationLandscapeLeft UIInterfaceOrientationLandscapeRight";
				LD_RUNPATH_SEARCH_PATHS = (
					"$(inherited)",
					"@executable_path/Frameworks",
				);
				MARKETING_VERSION = 1.0;
				PRODUCT_BUNDLE_IDENTIFIER = o.CurrencyConverter2;
				PRODUCT_NAME = "$(TARGET_NAME)";
				SWIFT_EMIT_LOC_STRINGS = YES;
				SWIFT_VERSION = 5.0;
				TARGETED_DEVICE_FAMILY = "1,2";
			};
			name = Debug;
		};
		B46704B027B08CCF00369481 /* Release */ = {
			isa = XCBuildConfiguration;
			buildSettings = {
				ASSETCATALOG_COMPILER_APPICON_NAME = AppIcon;
				ASSETCATALOG_COMPILER_GLOBAL_ACCENT_COLOR_NAME = AccentColor;
				CODE_SIGN_STYLE = Automatic;
				CURRENT_PROJECT_VERSION = 1;
				DEVELOPMENT_TEAM = 7V7KZH2U8Z;
				GENERATE_INFOPLIST_FILE = YES;
				INFOPLIST_FILE = CurrencyConverter2/Info.plist;
				INFOPLIST_KEY_UIApplicationSupportsIndirectInputEvents = YES;
				INFOPLIST_KEY_UILaunchStoryboardName = LaunchScreen;
				INFOPLIST_KEY_UIMainStoryboardFile = Main;
				INFOPLIST_KEY_UISupportedInterfaceOrientations_iPad = "UIInterfaceOrientationPortrait UIInterfaceOrientationPortraitUpsideDown UIInterfaceOrientationLandscapeLeft UIInterfaceOrientationLandscapeRight";
				INFOPLIST_KEY_UISupportedInterfaceOrientations_iPhone = "UIInterfaceOrientationPortrait UIInterfaceOrientationLandscapeLeft UIInterfaceOrientationLandscapeRight";
				LD_RUNPATH_SEARCH_PATHS = (
					"$(inherited)",
					"@executable_path/Frameworks",
				);
				MARKETING_VERSION = 1.0;
				PRODUCT_BUNDLE_IDENTIFIER = o.CurrencyConverter2;
				PRODUCT_NAME = "$(TARGET_NAME)";
				SWIFT_EMIT_LOC_STRINGS = YES;
				SWIFT_VERSION = 5.0;
				TARGETED_DEVICE_FAMILY = "1,2";
			};
			name = Release;
		};
/* End XCBuildConfiguration section */

/* Begin XCConfigurationList section */
		B467049527B08CCC00369481 /* Build configuration list for PBXProject "CurrencyConverter2" */ = {
			isa = XCConfigurationList;
			buildConfigurations = (
				B46704AC27B08CCF00369481 /* Debug */,
				B46704AD27B08CCF00369481 /* Release */,
			);
			defaultConfigurationIsVisible = 0;
			defaultConfigurationName = Release;
		};
		B46704AE27B08CCF00369481 /* Build configuration list for PBXNativeTarget "CurrencyConverter2" */ = {
			isa = XCConfigurationList;
			buildConfigurations = (
				B46704AF27B08CCF00369481 /* Debug */,
				B46704B027B08CCF00369481 /* Release */,
			);
			defaultConfigurationIsVisible = 0;
			defaultConfigurationName = Release;
		};
/* End XCConfigurationList section */

/* Begin XCRemoteSwiftPackageReference section */
		B46704BB27B0904C00369481 /* XCRemoteSwiftPackageReference "realm-swift" */ = {
			isa = XCRemoteSwiftPackageReference;
			repositoryURL = "https://github.com/realm/realm-swift.git";
			requirement = {
				branch = master;
				kind = branch;
			};
		};
/* End XCRemoteSwiftPackageReference section */

/* Begin XCSwiftPackageProductDependency section */
		B46704BC27B0904C00369481 /* Realm */ = {
			isa = XCSwiftPackageProductDependency;
			package = B46704BB27B0904C00369481 /* XCRemoteSwiftPackageReference "realm-swift" */;
			productName = Realm;
		};
		B46704BE27B0904C00369481 /* RealmSwift */ = {
			isa = XCSwiftPackageProductDependency;
			package = B46704BB27B0904C00369481 /* XCRemoteSwiftPackageReference "realm-swift" */;
			productName = RealmSwift;
		};
/* End XCSwiftPackageProductDependency section */
	};
	rootObject = B467049227B08CCC00369481 /* Project object */;
}
